
Microsoft Visual Studio Solution File, Format Version 12.00
# Visual Studio 15
Project("{FAE04EC0-301F-11D3-BF4B-00C04F79EFBC}") = "Assembly-CSharp", "Assembly-CSharp.csproj", "{5449EBE6-13B0-9FB2-B5BF-DA859E7B0731}"
EndProject
Project("{FAE04EC0-301F-11D3-BF4B-00C04F79EFBC}") = "ClientNetworkTransform", "ClientNetworkTransform.csproj", "{AEE9DA33-5025-B240-C134-75731DD522BA}"
EndProject
Project("{FAE04EC0-301F-11D3-BF4B-00C04F79EFBC}") = "Assembly-CSharp-Editor", "Assembly-CSharp-Editor.csproj", "{2B14B297-1032-7B6A-80ED-C11570C10578}"
EndProject
Global
	GlobalSection(SolutionConfigurationPlatforms) = preSolution
		Debug|Any CPU = Debug|Any CPU
		Release|Any CPU = Release|Any CPU
	EndGlobalSection
	GlobalSection(ProjectConfigurationPlatforms) = postSolution
		{5449EBE6-13B0-9FB2-B5BF-DA859E7B0731}.Debug|Any CPU.ActiveCfg = Debug|Any CPU
		{5449EBE6-13B0-9FB2-B5BF-DA859E7B0731}.Debug|Any CPU.Build.0 = Debug|Any CPU
		{5449EBE6-13B0-9FB2-B5BF-DA859E7B0731}.Release|Any CPU.ActiveCfg = Release|Any CPU
		{5449EBE6-13B0-9FB2-B5BF-DA859E7B0731}.Release|Any CPU.Build.0 = Release|Any CPU
		{AEE9DA33-5025-B240-C134-75731DD522BA}.Debug|Any CPU.ActiveCfg = Debug|Any CPU
		{AEE9DA33-5025-B240-C134-75731DD522BA}.Debug|Any CPU.Build.0 = Debug|Any CPU
		{AEE9DA33-5025-B240-C134-75731DD522BA}.Release|Any CPU.ActiveCfg = Release|Any CPU
		{AEE9DA33-5025-B240-C134-75731DD522BA}.Release|Any CPU.Build.0 = Release|Any CPU
		{2B14B297-1032-7B6A-80ED-C11570C10578}.Debug|Any CPU.ActiveCfg = Debug|Any CPU
		{2B14B297-1032-7B6A-80ED-C11570C10578}.Debug|Any CPU.Build.0 = Debug|Any CPU
		{2B14B297-1032-7B6A-80ED-C11570C10578}.Release|Any CPU.ActiveCfg = Release|Any CPU
		{2B14B297-1032-7B6A-80ED-C11570C10578}.Release|Any CPU.Build.0 = Release|Any CPU
	EndGlobalSection
	GlobalSection(SolutionProperties) = preSolution
		HideSolutionNode = FALSE
	EndGlobalSection
EndGlobal
